
Microsoft Visual Studio Solution File, Format Version 12.00
Project("{FAE04EC0-301F-11D3-BF4B-00C04F79EFBC}") = "TestAnalysisBuild", "TestAnalysisBuild\TestAnalysisBuild.csproj", "{0779CC07-5584-4551-A16B-129E68030535}"
EndProject
Global
	GlobalSection(SolutionConfigurationPlatforms) = preSolution
		Debug|Any CPU = Debug|Any CPU
		Release|Any CPU = Release|Any CPU
	EndGlobalSection
	GlobalSection(ProjectConfigurationPlatforms) = postSolution
		{0779CC07-5584-4551-A16B-129E68030535}.Debug|Any CPU.ActiveCfg = Debug|Any CPU
		{0779CC07-5584-4551-A16B-129E68030535}.Debug|Any CPU.Build.0 = Debug|Any CPU
		{0779CC07-5584-4551-A16B-129E68030535}.Release|Any CPU.ActiveCfg = Release|Any CPU
		{0779CC07-5584-4551-A16B-129E68030535}.Release|Any CPU.Build.0 = Release|Any CPU
	EndGlobalSection
EndGlobal
